<?xml version="1.0" encoding="utf-8"?>
<Project ToolsVersion="4.0" xmlns="http://schemas.microsoft.com/developer/msbuild/2003">
  <ItemGroup>
    <Filter Include="Source Files">
      <UniqueIdentifier>{1c5dcb4f-3dc8-47fd-b648-cb4ff6f8cb38}</UniqueIdentifier>
      <Extensions>cpp;c;cxx;rc;def;r;odl;idl;hpj;bat</Extensions>
    </Filter>
    <Filter Include="Source Files\libpng">
      <UniqueIdentifier>{7f40f1da-f443-4a99-b671-fb2c071b1f51}</UniqueIdentifier>
    </Filter>
    <Filter Include="Source Files\zlib">
      <UniqueIdentifier>{3fe3df0e-869b-48d0-b21b-ecbfd1984773}</UniqueIdentifier>
    </Filter>
    <Filter Include="Header Files">
      <UniqueIdentifier>{bbe2e6c4-e554-49b2-a6ed-5cd3ac150f9b}</UniqueIdentifier>
      <Extensions>h;hpp;hxx;hm;inl</Extensions>
    </Filter>
  </ItemGroup>
  <ItemGroup>
    <ClCompile Include="..\lice\lice.cpp">
      <Filter>Source Files</Filter>
    </ClCompile>
    <ClCompile Include="..\lice\lice_arc.cpp">
      <Filter>Source Files</Filter>
    </ClCompile>
    <ClCompile Include="..\lice\lice_line.cpp">
      <Filter>Source Files</Filter>
    </ClCompile>
    <ClCompile Include="..\lice\lice_png.cpp">
      <Filter>Source Files</Filter>
    </ClCompile>
    <ClCompile Include="..\lice\lice_text.cpp">
      <Filter>Source Files</Filter>
    </ClCompile>
    <ClCompile Include="..\libpng\png.c">
      <Filter>Source Files\libpng</Filter>
    </ClCompile>
    <ClCompile Include="..\libpng\pngerror.c">
      <Filter>Source Files\libpng</Filter>
    </ClCompile>
    <ClCompile Include="..\libpng\pnggccrd.c">
      <Filter>Source Files\libpng</Filter>
    </ClCompile>
    <ClCompile Include="..\libpng\pngget.c">
      <Filter>Source Files\libpng</Filter>
    </ClCompile>
    <ClCompile Include="..\libpng\pngmem.c">
      <Filter>Source Files\libpng</Filter>
    </ClCompile>
    <ClCompile Include="..\libpng\pngpread.c">
      <Filter>Source Files\libpng</Filter>
    </ClCompile>
    <ClCompile Include="..\libpng\pngread.c">
      <Filter>Source Files\libpng</Filter>
    </ClCompile>
    <ClCompile Include="..\libpng\pngrio.c">
      <Filter>Source Files\libpng</Filter>
    </ClCompile>
    <ClCompile Include="..\libpng\pngrtran.c">
      <Filter>Source Files\libpng</Filter>
    </ClCompile>
    <ClCompile Include="..\libpng\pngrutil.c">
      <Filter>Source Files\libpng</Filter>
    </ClCompile>
    <ClCompile Include="..\libpng\pngset.c">
      <Filter>Source Files\libpng</Filter>
    </ClCompile>
    <ClCompile Include="..\libpng\pngtest.c">
      <Filter>Source Files\libpng</Filter>
    </ClCompile>
    <ClCompile Include="..\libpng\pngtrans.c">
      <Filter>Source Files\libpng</Filter>
    </ClCompile>
    <ClCompile Include="..\libpng\pngvcrd.c">
      <Filter>Source Files\libpng</Filter>
    </ClCompile>
    <ClCompile Include="..\libpng\pngwio.c">
      <Filter>Source Files\libpng</Filter>
    </ClCompile>
    <ClCompile Include="..\libpng\pngwrite.c">
      <Filter>Source Files\libpng</Filter>
    </ClCompile>
    <ClCompile Include="..\libpng\pngwtran.c">
      <Filter>Source Files\libpng</Filter>
    </ClCompile>
    <ClCompile Include="..\libpng\pngwutil.c">
      <Filter>Source Files\libpng</Filter>
    </ClCompile>
    <ClCompile Include="..\zlib\adler32.c">
      <Filter>Source Files\zlib</Filter>
    </ClCompile>
    <ClCompile Include="..\zlib\compress.c">
      <Filter>Source Files\zlib</Filter>
    </ClCompile>
    <ClCompile Include="..\zlib\crc32.c">
      <Filter>Source Files\zlib</Filter>
    </ClCompile>
    <ClCompile Include="..\zlib\deflate.c">
      <Filter>Source Files\zlib</Filter>
    </ClCompile>
    <ClCompile Include="..\zlib\gzio.c">
      <Filter>Source Files\zlib</Filter>
    </ClCompile>
    <ClCompile Include="..\zlib\infback.c">
      <Filter>Source Files\zlib</Filter>
    </ClCompile>
    <ClCompile Include="..\zlib\inffast.c">
      <Filter>Source Files\zlib</Filter>
    </ClCompile>
    <ClCompile Include="..\zlib\inflate.c">
      <Filter>Source Files\zlib</Filter>
    </ClCompile>
    <ClCompile Include="..\zlib\inftrees.c">
      <Filter>Source Files\zlib</Filter>
    </ClCompile>
    <ClCompile Include="..\zlib\trees.c">
      <Filter>Source Files\zlib</Filter>
    </ClCompile>
    <ClCompile Include="..\zlib\uncompr.c">
      <Filter>Source Files\zlib</Filter>
    </ClCompile>
    <ClCompile Include="..\zlib\zutil.c">
      <Filter>Source Files\zlib</Filter>
    </ClCompile>
  </ItemGroup>
  <ItemGroup>
    <ClInclude Include="..\libpng\png.h">
      <Filter>Source Files\libpng</Filter>
    </ClInclude>
    <ClInclude Include="..\libpng\pngconf.h">
      <Filter>Source Files\libpng</Filter>
    </ClInclude>
    <ClInclude Include="..\zlib\crc32.h">
      <Filter>Source Files\zlib</Filter>
    </ClInclude>
    <ClInclude Include="..\zlib\deflate.h">
      <Filter>Source Files\zlib</Filter>
    </ClInclude>
    <ClInclude Include="..\zlib\inffast.h">
      <Filter>Source Files\zlib</Filter>
    </ClInclude>
    <ClInclude Include="..\zlib\inffixed.h">
      <Filter>Source Files\zlib</Filter>
    </ClInclude>
    <ClInclude Include="..\zlib\inflate.h">
      <Filter>Source Files\zlib</Filter>
    </ClInclude>
    <ClInclude Include="..\zlib\inftrees.h">
      <Filter>Source Files\zlib</Filter>
    </ClInclude>
    <ClInclude Include="..\zlib\trees.h">
      <Filter>Source Files\zlib</Filter>
    </ClInclude>
    <ClInclude Include="..\zlib\zconf.h">
      <Filter>Source Files\zlib</Filter>
    </ClInclude>
    <ClInclude Include="..\zlib\zlib.h">
      <Filter>Source Files\zlib</Filter>
    </ClInclude>
    <ClInclude Include="..\zlib\zutil.h">
      <Filter>Source Files\zlib</Filter>
    </ClInclude>
    <ClInclude Include="lice.h">
      <Filter>Header Files</Filter>
    </ClInclude>
    <ClInclude Include="lice_bezier.h">
      <Filter>Header Files</Filter>
    </ClInclude>
    <ClInclude Include="lice_combine.h">
      <Filter>Header Files</Filter>
    </ClInclude>
  </ItemGroup>
</Project>